
Microsoft Visual Studio Solution File, Format Version 12.00
# Visual Studio 15
VisualStudioVersion = 15.0.27130.2020
MinimumVisualStudioVersion = 10.0.40219.1
Project("{8BC9CEB8-8B4A-11D0-8D11-00A0C91BC942}") = "LightEngine", "LightEngine\LightEngine.vcxproj", "{812A3499-108E-4323-8B7D-ADD104226E8A}"
EndProject
Global
	GlobalSection(SolutionConfigurationPlatforms) = preSolution
		Debug|x64 = Debug|x64
		Debug|x86 = Debug|x86
		Release|x64 = Release|x64
		Release|x86 = Release|x86
	EndGlobalSection
	GlobalSection(ProjectConfigurationPlatforms) = postSolution
		{812A3499-108E-4323-8B7D-ADD104226E8A}.Debug|x64.ActiveCfg = Debug|x64
		{812A3499-108E-4323-8B7D-ADD104226E8A}.Debug|x64.Build.0 = Debug|x64
		{812A3499-108E-4323-8B7D-ADD104226E8A}.Debug|x86.ActiveCfg = Debug|Win32
		{812A3499-108E-4323-8B7D-ADD104226E8A}.Debug|x86.Build.0 = Debug|Win32
		{812A3499-108E-4323-8B7D-ADD104226E8A}.Release|x64.ActiveCfg = Release|x64
		{812A3499-108E-4323-8B7D-ADD104226E8A}.Release|x64.Build.0 = Release|x64
		{812A3499-108E-4323-8B7D-ADD104226E8A}.Release|x86.ActiveCfg = Release|Win32
		{812A3499-108E-4323-8B7D-ADD104226E8A}.Release|x86.Build.0 = Release|Win32
	EndGlobalSection
	GlobalSection(SolutionProperties) = preSolution
		HideSolutionNode = FALSE
	EndGlobalSection
	GlobalSection(ExtensibilityGlobals) = postSolution
		SolutionGuid = {96467922-FF83-4EA4-956C-1B08DECEE8A1}
	EndGlobalSection
EndGlobal
